{
  "name": "NewOne",
  "lockfileVersion": 3,
  "requires": true,
  "packages": {
    "": {
      "dependencies": {
        "ngx-charts": "^3.0.2",
        "primeicons": "^7.0.0",
        "primeng": "^17.18.11"
      }
    },
    "node_modules/@angular/common": {
      "version": "2.4.10",
      "resolved": "https://registry.npmjs.org/@angular/common/-/common-2.4.10.tgz",
      "integrity": "sha512-ExCbb/jTH4mGopV2M3+Ya1yFL3p7rA/gtL023bp9lxp1CD8LxjxcWCy5d/BkWBAVKEYjBasAW6UhrrnbNKx1ZA==",
      "license": "MIT",
      "peer": true,
      "peerDependencies": {
        "@angular/core": "2.4.10"
      }
    },
    "node_modules/@angular/compiler": {
      "version": "2.4.10",
      "resolved": "https://registry.npmjs.org/@angular/compiler/-/compiler-2.4.10.tgz",
      "integrity": "sha512-woq5GMFIV+50YebpZLqX1eV8X4lH2z8V692zx2Gi/eCzkWsGkvcRSTk+oMahlbCyM786zCe8oQvCZyGFxYLpfA==",
      "license": "MIT",
      "peer": true,
      "peerDependencies": {
        "@angular/core": "2.4.10"
      }
    },
    "node_modules/@angular/core": {
      "version": "2.4.10",
      "resolved": "https://registry.npmjs.org/@angular/core/-/core-2.4.10.tgz",
      "integrity": "sha512-AJeJONPkuQM3DHEEYBK2j5hEsplIcxt6ltlwo2jadMTiGouUPKsTArjb75c6yDyKBxxoYZ9O//XNy07ODXBtig==",
      "license": "MIT",
      "peer": true,
      "peerDependencies": {
        "rxjs": "^5.0.1",
        "zone.js": "^0.7.2"
      }
    },
    "node_modules/@angular/forms": {
      "version": "18.2.11",
      "resolved": "https://registry.npmjs.org/@angular/forms/-/forms-18.2.11.tgz",
      "integrity": "sha512-QjxayOxDTqsTJGBzfWd3nms1LZIXj2f1+wIPxxUNXyNS5ZaM7hBWkz2BTFYeewlD/HdNj0alNVCYK3M8ElLWYw==",
      "license": "MIT",
      "peer": true,
      "dependencies": {
        "tslib": "^2.3.0"
      },
      "engines": {
        "node": "^18.19.1 || ^20.11.1 || >=22.0.0"
      },
      "peerDependencies": {
        "@angular/common": "18.2.11",
        "@angular/core": "18.2.11",
        "@angular/platform-browser": "18.2.11",
        "rxjs": "^6.5.3 || ^7.4.0"
      }
    },
    "node_modules/@angular/platform-browser": {
      "version": "2.4.10",
      "resolved": "https://registry.npmjs.org/@angular/platform-browser/-/platform-browser-2.4.10.tgz",
      "integrity": "sha512-7GuHgvRN8TnNvQ1ppW0L5hz5qafP7m6Caj4vKNnt1FLM1/vHRBgtZ6U9gIa2DmiD8mT7M1cYAeDX7Qa7NbeYug==",
      "license": "MIT",
      "peer": true,
      "peerDependencies": {
        "@angular/common": "2.4.10",
        "@angular/core": "2.4.10"
      }
    },
    "node_modules/@angular/platform-browser-dynamic": {
      "version": "2.4.10",
      "resolved": "https://registry.npmjs.org/@angular/platform-browser-dynamic/-/platform-browser-dynamic-2.4.10.tgz",
      "integrity": "sha512-NJcawfrjeRIE8R+iagC4V3G6q76vxN0MwwJxzPMTFirNEzngm4aG7LuB1TupbJeXCo3pWtBXXadj3/AB9Hjx5w==",
      "license": "MIT",
      "peer": true,
      "peerDependencies": {
        "@angular/common": "2.4.10",
        "@angular/compiler": "2.4.10",
        "@angular/core": "2.4.10",
        "@angular/platform-browser": "2.4.10"
      }
    },
    "node_modules/commander": {
      "version": "2.20.3",
      "resolved": "https://registry.npmjs.org/commander/-/commander-2.20.3.tgz",
      "integrity": "sha512-GpVkmM8vF2vQUkj2LvZmD35JxeJOLCwJ9cUkugyk2nuhbv3+mJvpLYYt+0+USMxE+oj+ey/lJEnhZw75x/OMcQ==",
      "license": "MIT",
      "peer": true
    },
    "node_modules/core-js": {
      "version": "2.4.1",
      "resolved": "https://registry.npmjs.org/core-js/-/core-js-2.4.1.tgz",
      "integrity": "sha512-W4Zkayb9VI4zr+s7ReDSgTTaV9KWB4L997i8/mkOV2kY1c7QGNj91k8X0zcr8Tl24oYF6kiBomCDSYO4BvQQdQ==",
      "deprecated": "core-js@<3.23.3 is no longer maintained and not recommended for usage due to the number of issues. Because of the V8 engine whims, feature detection in old core-js versions could cause a slowdown up to 100x even if nothing is polyfilled. Some versions have web compatibility issues. Please, upgrade your dependencies to the actual version of core-js.",
      "license": "MIT",
      "peer": true
    },
    "node_modules/d3": {
      "version": "4.4.0",
      "resolved": "https://registry.npmjs.org/d3/-/d3-4.4.0.tgz",
      "integrity": "sha512-n/HisNkHIwjZKbsgHBHwVC4e71EEwOzLjADX7GlI6uL+ZX0sAaFXYa6ANOlV8uw0sVrkA5PkhgcyYRCwOq2gsg==",
      "license": "BSD-3-Clause",
      "peer": true,
      "dependencies": {
        "d3-array": "1.0.2",
        "d3-axis": "1.0.4",
        "d3-brush": "1.0.3",
        "d3-chord": "1.0.3",
        "d3-collection": "1.0.2",
        "d3-color": "1.0.2",
        "d3-dispatch": "1.0.2",
        "d3-drag": "1.0.2",
        "d3-dsv": "1.0.3",
        "d3-ease": "1.0.2",
        "d3-force": "1.0.4",
        "d3-format": "1.0.2",
        "d3-geo": "1.4.0",
        "d3-hierarchy": "1.0.3",
        "d3-interpolate": "1.1.2",
        "d3-path": "1.0.3",
        "d3-polygon": "1.0.2",
        "d3-quadtree": "1.0.2",
        "d3-queue": "3.0.3",
        "d3-random": "1.0.2",
        "d3-request": "1.0.3",
        "d3-scale": "1.0.4",
        "d3-selection": "1.0.3",
        "d3-shape": "1.0.4",
        "d3-time": "1.0.4",
        "d3-time-format": "2.0.3",
        "d3-timer": "1.0.3",
        "d3-transition": "1.0.3",
        "d3-voronoi": "1.1.0",
        "d3-zoom": "1.1.0"
      }
    },
    "node_modules/d3-array": {
      "version": "1.0.2",
      "resolved": "https://registry.npmjs.org/d3-array/-/d3-array-1.0.2.tgz",
      "integrity": "sha512-LAd04GJ+Ah7EWWH4PWqqKtAGQAqoRf+HvWUcioWk5bNZUa8pZQYh9SXCKCkGfFN8hh4PezUtpstI1DmM009n5Q==",
      "license": "BSD-3-Clause",
      "peer": true
    },
    "node_modules/d3-axis": {
      "version": "1.0.4",
      "resolved": "https://registry.npmjs.org/d3-axis/-/d3-axis-1.0.4.tgz",
      "integrity": "sha512-PR4q5DTt8zEEXhwpUw1a+oxwO+xz1xdeSfnnBGwqHwo2OGGR59wkA8VEf4QWGZNLquiR9SHecN4d5NScCeFUGQ==",
      "license": "BSD-3-Clause",
      "peer": true
    },
    "node_modules/d3-brush": {
      "version": "1.0.3",
      "resolved": "https://registry.npmjs.org/d3-brush/-/d3-brush-1.0.3.tgz",
      "integrity": "sha512-QN1+vNKlASStaPCR8kEv9IbzZWQQIPkcHPhEyjCRnnUXLCYx3H1q9zKp3Ouz3vgAYXtE2QziIrBgpVnk8cKjWQ==",
      "license": "BSD-3-Clause",
      "peer": true,
      "dependencies": {
        "d3-dispatch": "1",
        "d3-drag": "1",
        "d3-interpolate": "1",
        "d3-selection": "1",
        "d3-transition": "1"
      }
    },
    "node_modules/d3-chord": {
      "version": "1.0.3",
      "resolved": "https://registry.npmjs.org/d3-chord/-/d3-chord-1.0.3.tgz",
      "integrity": "sha512-YJ+E9m5dfGG1H3+2wkJxWhgQxjToN6buot9d+b1OctaCno95sqLKGbOYkngbvuzdu9Gyc41EglMneLVD1G8f5A==",
      "license": "BSD-3-Clause",
      "peer": true,
      "dependencies": {
        "d3-array": "1",
        "d3-path": "1"
      }
    },
    "node_modules/d3-collection": {
      "version": "1.0.2",
      "resolved": "https://registry.npmjs.org/d3-collection/-/d3-collection-1.0.2.tgz",
      "integrity": "sha512-QHpNq1r+wJFW6Sy3Ux+kJd01plDSAw/tYiwufVQT3e+bSSQ+ZXnndbCHwBBqgpxH34e/o0FagunVZdnbzyJvGQ==",
      "license": "BSD-3-Clause",
      "peer": true
    },
    "node_modules/d3-color": {
      "version": "1.0.2",
      "resolved": "https://registry.npmjs.org/d3-color/-/d3-color-1.0.2.tgz",
      "integrity": "sha512-qGW1ZBlfyzTTpTgvyunxk1QlxZ0Vob60Wb3yKKCCpese0djNa/5FBC0a6orxMV6eysVV0zdecRX84/Cw2GSl5w==",
      "license": "BSD-3-Clause",
      "peer": true
    },
    "node_modules/d3-dispatch": {
      "version": "1.0.2",
      "resolved": "https://registry.npmjs.org/d3-dispatch/-/d3-dispatch-1.0.2.tgz",
      "integrity": "sha512-Kr/bYOYhM/6g7V8BWuEpWA7OvoieYQxo98863SRRGZjSFjveJxl8KUlyA0d5uf02Ox+rmOzE/3zomhKfNk/ZDQ==",
      "license": "BSD-3-Clause",
      "peer": true
    },
    "node_modules/d3-drag": {
      "version": "1.0.2",
      "resolved": "https://registry.npmjs.org/d3-drag/-/d3-drag-1.0.2.tgz",
      "integrity": "sha512-zCTKG8dt800lpAwiUqxCANxlQXlHglNyl5YfaiGg6NCSST7HpZxW3wsvDcV/hF8rHAsu/LEkPGSSlCDNRAL3gw==",
      "license": "BSD-3-Clause",
      "peer": true,
      "dependencies": {
        "d3-dispatch": "1",
        "d3-selection": "1"
      }
    },
    "node_modules/d3-dsv": {
      "version": "1.0.3",
      "resolved": "https://registry.npmjs.org/d3-dsv/-/d3-dsv-1.0.3.tgz",
      "integrity": "sha512-jlkvV6a82u3UzBvCnHUYnf1GaFc7RYEQjrRMZqvKhfDXE0DfWbLvTa4p9bEcq/urmTSqrQnCx9qo4RiQMtTttw==",
      "license": "BSD-3-Clause",
      "peer": true,
      "dependencies": {
        "commander": "2",
        "iconv-lite": "0.4",
        "rw": "1"
      },
      "bin": {
        "csv2json": "bin/dsv2json",
        "csv2tsv": "bin/dsv2dsv",
        "dsv2dsv": "bin/dsv2dsv",
        "dsv2json": "bin/dsv2json",
        "json2csv": "bin/json2dsv",
        "json2dsv": "bin/json2dsv",
        "json2tsv": "bin/json2dsv",
        "tsv2csv": "bin/dsv2dsv",
        "tsv2json": "bin/dsv2json"
      }
    },
    "node_modules/d3-ease": {
      "version": "1.0.2",
      "resolved": "https://registry.npmjs.org/d3-ease/-/d3-ease-1.0.2.tgz",
      "integrity": "sha512-2doLPikzaY4Z9xjIOa060bKAlcQgXNU1vPRgW2cbxxlkiyDVJZkrCqNqiLqN8Nw5kOVL8u51Tki93PcRhZAi4Q==",
      "license": "BSD-3-Clause",
      "peer": true
    },
    "node_modules/d3-force": {
      "version": "1.0.4",
      "resolved": "https://registry.npmjs.org/d3-force/-/d3-force-1.0.4.tgz",
      "integrity": "sha512-fN4BxUxWwHuPvqd2Kiip07E9XK5Gm68WUgEQvhkauEwn2vch9Phcg0BNeJHJG4NjNITdf91WIbcBDBVziM9T6A==",
      "license": "BSD-3-Clause",
      "peer": true,
      "dependencies": {
        "d3-collection": "1",
        "d3-dispatch": "1",
        "d3-quadtree": "1",
        "d3-timer": "1"
      }
    },
    "node_modules/d3-format": {
      "version": "1.0.2",
      "resolved": "https://registry.npmjs.org/d3-format/-/d3-format-1.0.2.tgz",
      "integrity": "sha512-VHFdLLjGkeGrRL8T/rlIIDhI3vvVX/oOTM/GaDJfB1sIb4dU5ZgiEjg3EeidJdQ/70u60tM015TSWa1gqqLRhg==",
      "license": "BSD-3-Clause",
      "peer": true
    },
    "node_modules/d3-geo": {
      "version": "1.4.0",
      "resolved": "https://registry.npmjs.org/d3-geo/-/d3-geo-1.4.0.tgz",
      "integrity": "sha512-2zuBb/h6DJPQ1MoKNcPKM6H12frcofUD7aJ/nXrOm7JZwGUs4BTsxI6B4+wey8VMdZOHWK65lzmvkzT3CN6jjw==",
      "license": "BSD-3-Clause",
      "peer": true,
      "dependencies": {
        "d3-array": "1"
      }
    },
    "node_modules/d3-hierarchy": {
      "version": "1.0.3",
      "resolved": "https://registry.npmjs.org/d3-hierarchy/-/d3-hierarchy-1.0.3.tgz",
      "integrity": "sha512-anANSsU+wIS0KDDgSiSVvsv2iVb0yD/LSMe4q7Oqe7mjhLST30BRlM56+Jyy182yzJlSUeRUjTr72TIY05Hj0g==",
      "license": "BSD-3-Clause",
      "peer": true
    },
    "node_modules/d3-interpolate": {
      "version": "1.1.2",
      "resolved": "https://registry.npmjs.org/d3-interpolate/-/d3-interpolate-1.1.2.tgz",
      "integrity": "sha512-cY4dtTmT6wlf4bJzmJSLQtu8+hSZ2VlILqFTcKTCdz/PFOhA6ONPKqR1J0Oz4YjOp1RzCizn1rcZb0B98ug5BA==",
      "license": "BSD-3-Clause",
      "peer": true,
      "dependencies": {
        "d3-color": "1"
      }
    },
    "node_modules/d3-path": {
      "version": "1.0.3",
      "resolved": "https://registry.npmjs.org/d3-path/-/d3-path-1.0.3.tgz",
      "integrity": "sha512-p4o+WP9BtTdJ8yxgpShH1qSPiabWc2EjWxdGfYogrkNeEXzO1IG9RR5u4JpPE67UtMn2HEcchvx9RKc+feIu/Q==",
      "license": "BSD-3-Clause",
      "peer": true
    },
    "node_modules/d3-polygon": {
      "version": "1.0.2",
      "resolved": "https://registry.npmjs.org/d3-polygon/-/d3-polygon-1.0.2.tgz",
      "integrity": "sha512-gQOMlEDnZUx11xKzVb9pHEtt6i+pIKkGumBFiE26pJ7MQ962M5R64XLvRxUL8ysuL8YFKn6lVvRxdxxZNP7V8A==",
      "license": "BSD-3-Clause",
      "peer": true
    },
    "node_modules/d3-quadtree": {
      "version": "1.0.2",
      "resolved": "https://registry.npmjs.org/d3-quadtree/-/d3-quadtree-1.0.2.tgz",
      "integrity": "sha512-uWAeTOQlC8OdJOJScbhHGduE7u78OXe/Yjam39syf/Z6I37oHfQsWlF69dvyeMPIGwx9tkIHo0mFwxmFOgcBCQ==",
      "license": "BSD-3-Clause",
      "peer": true
    },
    "node_modules/d3-queue": {
      "version": "3.0.3",
      "resolved": "https://registry.npmjs.org/d3-queue/-/d3-queue-3.0.3.tgz",
      "integrity": "sha512-Oy2T3lEVSmvUwvRkk56O0oG0ro2gs+5pVbu4xIGPquENTB8R6WVq+EcTrJDUPuoVaxjHx2pfbdd6Kf/vd3d6XQ==",
      "license": "BSD-3-Clause",
      "peer": true
    },
    "node_modules/d3-random": {
      "version": "1.0.2",
      "resolved": "https://registry.npmjs.org/d3-random/-/d3-random-1.0.2.tgz",
      "integrity": "sha512-NX5VluiQhellwaWVDFn+uogpjSwQFnWkkzy11vp6EUGH6FroSNPLQ9xgUrQh/7N1fpVHH01daR6nHYJ2xOQ6+w==",
      "license": "BSD-3-Clause",
      "peer": true
    },
    "node_modules/d3-request": {
      "version": "1.0.3",
      "resolved": "https://registry.npmjs.org/d3-request/-/d3-request-1.0.3.tgz",
      "integrity": "sha512-U/QxPFkqw0wl9dBgLU4pAxqfD/pfRq5+XifdkVKhGOR37hQ8CGVCrESdgOC5ZykFn9mxptHTRuqthpBGvtokGA==",
      "license": "BSD-3-Clause",
      "peer": true,
      "dependencies": {
        "d3-collection": "1",
        "d3-dispatch": "1",
        "d3-dsv": "1",
        "xmlhttprequest": "1"
      }
    },
    "node_modules/d3-scale": {
      "version": "1.0.4",
      "resolved": "https://registry.npmjs.org/d3-scale/-/d3-scale-1.0.4.tgz",
      "integrity": "sha512-6lf7eXjRo/Ogc9tPc4gBzLKw/PHUMJ3gkGjOn0FvkOct9mK68Je0ChG75uXGzwN8n0hOHiXhCNBN//hHXTMQGw==",
      "license": "BSD-3-Clause",
      "peer": true,
      "dependencies": {
        "d3-array": "1",
        "d3-collection": "1",
        "d3-color": "1",
        "d3-format": "1",
        "d3-interpolate": "1",
        "d3-time": "1",
        "d3-time-format": "2"
      }
    },
    "node_modules/d3-selection": {
      "version": "1.0.3",
      "resolved": "https://registry.npmjs.org/d3-selection/-/d3-selection-1.0.3.tgz",
      "integrity": "sha512-F/SKXI6vVc2aQpB8kYdRa68GoVAvy2Kr8BcohBsZBdDrJSS1gx3ahmLYNpayG+EpDOXuD/6n1Fe4bpv0v64Dxw==",
      "license": "BSD-3-Clause",
      "peer": true
    },
    "node_modules/d3-shape": {
      "version": "1.0.4",
      "resolved": "https://registry.npmjs.org/d3-shape/-/d3-shape-1.0.4.tgz",
      "integrity": "sha512-cfgoSGygKqHOG9n2rslAqeCdEK5RB7gKK5lihJi0zhU+Zksc5jEnkM7mmN+FCQO63Yl8QBOHcV3BxL+aNnmazw==",
      "license": "BSD-3-Clause",
      "peer": true,
      "dependencies": {
        "d3-path": "1"
      }
    },
    "node_modules/d3-time": {
      "version": "1.0.4",
      "resolved": "https://registry.npmjs.org/d3-time/-/d3-time-1.0.4.tgz",
      "integrity": "sha512-crZ0PDfaPHd60k/6N708DdpnJlPSxuNHr3w27Gmug8UZr2/YKM1WkUGdOhgw/4/S6f6iS1Pea4JuBCoLCcF4pw==",
      "license": "BSD-3-Clause",
      "peer": true
    },
    "node_modules/d3-time-format": {
      "version": "2.0.3",
      "resolved": "https://registry.npmjs.org/d3-time-format/-/d3-time-format-2.0.3.tgz",
      "integrity": "sha512-uJErCglHV0SO/fMibthPY/MHp6DXsG0juagy0L2PMy7O+8mBKWyEKxS/W79oOTiJJNs6azttBu53lSDj4qYnqQ==",
      "license": "BSD-3-Clause",
      "peer": true,
      "dependencies": {
        "d3-time": "1"
      }
    },
    "node_modules/d3-timer": {
      "version": "1.0.3",
      "resolved": "https://registry.npmjs.org/d3-timer/-/d3-timer-1.0.3.tgz",
      "integrity": "sha512-D+D3IU6ka087DsEJ7pw64SPyFsV693Aug3rpVM0Rw+NGHk3vkbV06M29BberpYazM4zHCPZwXJxX30S2IhM59w==",
      "license": "BSD-3-Clause",
      "peer": true
    },
    "node_modules/d3-transition": {
      "version": "1.0.3",
      "resolved": "https://registry.npmjs.org/d3-transition/-/d3-transition-1.0.3.tgz",
      "integrity": "sha512-Facxcbma0nA2GVrx7B/Mgnn5ju6SwUMzGa9YcYmQjpqmaIq1Zbp5vVJLjtH6b08Lu0vcX7O6a4z+AlLmdCxrCQ==",
      "license": "BSD-3-Clause",
      "peer": true,
      "dependencies": {
        "d3-color": "1",
        "d3-dispatch": "1",
        "d3-ease": "1",
        "d3-interpolate": "1",
        "d3-selection": "1",
        "d3-timer": "1"
      }
    },
    "node_modules/d3-voronoi": {
      "version": "1.1.0",
      "resolved": "https://registry.npmjs.org/d3-voronoi/-/d3-voronoi-1.1.0.tgz",
      "integrity": "sha512-vXpQw6ubRwQQCWVS5MX33xgy6zEoVj7Dn8tvem8XH6i5b+h07yoLww9fMB8RG9+HZbZHD0Nw4oyfptojjYYc4w==",
      "license": "BSD-3-Clause",
      "peer": true
    },
    "node_modules/d3-zoom": {
      "version": "1.1.0",
      "resolved": "https://registry.npmjs.org/d3-zoom/-/d3-zoom-1.1.0.tgz",
      "integrity": "sha512-6gB11u8Rksk63+f8DpoDsV0RUbe+83f5oMqXB2u1sKnbyz4t8/1hSATbujoJ/GzlQ8p2wjbpRb7mrEWB1mEEag==",
      "license": "BSD-3-Clause",
      "peer": true,
      "dependencies": {
        "d3-dispatch": "1",
        "d3-drag": "1",
        "d3-interpolate": "1",
        "d3-selection": "1",
        "d3-transition": "1"
      }
    },
    "node_modules/iconv-lite": {
      "version": "0.4.24",
      "resolved": "https://registry.npmjs.org/iconv-lite/-/iconv-lite-0.4.24.tgz",
      "integrity": "sha512-v3MXnZAcvnywkTUEZomIActle7RXXeedOR31wwl7VlyoXO4Qi9arvSenNQWne1TcRwhCL1HwLI21bEqdpj8/rA==",
      "license": "MIT",
      "peer": true,
      "dependencies": {
        "safer-buffer": ">= 2.1.2 < 3"
      },
      "engines": {
        "node": ">=0.10.0"
      }
    },
    "node_modules/moment": {
      "version": "2.17.1",
      "resolved": "https://registry.npmjs.org/moment/-/moment-2.17.1.tgz",
      "integrity": "sha512-FmIqcMMT72OcLqks+4iWx30Tv8gwIZBJvimtnGjT/9c0GeTe28xNxNRrzJQ4xxp/2aD43b8FgImx3ATko9s/qw==",
      "license": "MIT",
      "peer": true,
      "engines": {
        "node": "*"
      }
    },
    "node_modules/ngx-charts": {
      "version": "3.0.2",
      "resolved": "https://registry.npmjs.org/ngx-charts/-/ngx-charts-3.0.2.tgz",
      "integrity": "sha512-ZZOjEMCgijr++G1SjlciF5guEKX9Uw/P1DIIt/GX67v4Iv26tH4bLAm93p1E2Em9tKG8mPubblASCe6RytdG5g==",
      "deprecated": "Moved",
      "license": "MIT",
      "peerDependencies": {
        "@angular/common": "~2.4.1",
        "@angular/compiler": "~2.4.1",
        "@angular/core": "~2.4.1",
        "@angular/platform-browser": "~2.4.1",
        "@angular/platform-browser-dynamic": "~2.4.1",
        "core-js": "2.4.1",
        "d3": "4.4.0",
        "moment": "2.17.1",
        "rxjs": "5.0.1",
        "zone.js": "^0.7.4"
      }
    },
    "node_modules/primeicons": {
      "version": "7.0.0",
      "resolved": "https://registry.npmjs.org/primeicons/-/primeicons-7.0.0.tgz",
      "integrity": "sha512-jK3Et9UzwzTsd6tzl2RmwrVY/b8raJ3QZLzoDACj+oTJ0oX7L9Hy+XnVwgo4QVKlKpnP/Ur13SXV/pVh4LzaDw==",
      "license": "MIT"
    },
    "node_modules/primeng": {
      "version": "17.18.11",
      "resolved": "https://registry.npmjs.org/primeng/-/primeng-17.18.11.tgz",
      "integrity": "sha512-LzV0fFZmb3GdnaRqi1+GP+RPtW0a+jztL5pH1zRWY7+7pyQ0n1YNyTXzmqVcdks/CmoyjNhutWEmexwi6vFVeA==",
      "license": "MIT",
      "dependencies": {
        "tslib": "^2.3.0"
      },
      "peerDependencies": {
        "@angular/common": "^17.0.0 || ^18.0.0",
        "@angular/core": "^17.0.0 || ^18.0.0",
        "@angular/forms": "^17.0.0 || ^18.0.0",
        "rxjs": "^6.0.0 || ^7.8.1",
        "zone.js": "~0.14.0"
      }
    },
    "node_modules/rw": {
      "version": "1.3.3",
      "resolved": "https://registry.npmjs.org/rw/-/rw-1.3.3.tgz",
      "integrity": "sha512-PdhdWy89SiZogBLaw42zdeqtRJ//zFd2PgQavcICDUgJT5oW10QCRKbJ6bg4r0/UY2M6BWd5tkxuGFRvCkgfHQ==",
      "license": "BSD-3-Clause",
      "peer": true
    },
    "node_modules/rxjs": {
      "version": "5.0.1",
      "resolved": "https://registry.npmjs.org/rxjs/-/rxjs-5.0.1.tgz",
      "integrity": "sha512-IaW8L5cI6O4dRCo5L95VrjwlSJSXh9IaJJUObc8DI/HGsFJSq8tqeN/IkAxSqgOSdo8xCfCCTtL6RBHnRO0+4g==",
      "license": "Apache-2.0",
      "peer": true,
      "dependencies": {
        "symbol-observable": "^1.0.1"
      },
      "engines": {
        "npm": ">=2.0.0"
      }
    },
    "node_modules/safer-buffer": {
      "version": "2.1.2",
      "resolved": "https://registry.npmjs.org/safer-buffer/-/safer-buffer-2.1.2.tgz",
      "integrity": "sha512-YZo3K82SD7Riyi0E1EQPojLz7kpepnSQI9IyPbHHg1XXXevb5dJI7tpyN2ADxGcQbHG7vcyRHk0cbwqcQriUtg==",
      "license": "MIT",
      "peer": true
    },
    "node_modules/symbol-observable": {
      "version": "1.2.0",
      "resolved": "https://registry.npmjs.org/symbol-observable/-/symbol-observable-1.2.0.tgz",
      "integrity": "sha512-e900nM8RRtGhlV36KGEU9k65K3mPb1WV70OdjfxlG2EAuM1noi/E/BaW/uMhL7bPEssK8QV57vN3esixjUvcXQ==",
      "license": "MIT",
      "peer": true,
      "engines": {
        "node": ">=0.10.0"
      }
    },
    "node_modules/tslib": {
      "version": "2.8.1",
      "resolved": "https://registry.npmjs.org/tslib/-/tslib-2.8.1.tgz",
      "integrity": "sha512-oJFu94HQb+KVduSUQL7wnpmqnfmLsOA/nAh6b6EH0wCEoK0/mPeXU6c3wKDV83MkOuHPRHtSXKKU99IBazS/2w==",
      "license": "0BSD"
    },
    "node_modules/xmlhttprequest": {
      "version": "1.8.0",
      "resolved": "https://registry.npmjs.org/xmlhttprequest/-/xmlhttprequest-1.8.0.tgz",
      "integrity": "sha512-58Im/U0mlVBLM38NdZjHyhuMtCqa61469k2YP/AaPbvCoV9aQGUpbJBj1QRm2ytRiVQBD/fsw7L2bJGDVQswBA==",
      "license": "MIT",
      "peer": true,
      "engines": {
        "node": ">=0.4.0"
      }
    },
    "node_modules/zone.js": {
      "version": "0.7.8",
      "resolved": "https://registry.npmjs.org/zone.js/-/zone.js-0.7.8.tgz",
      "integrity": "sha512-u7Hdq+ZRTN/fxoa/G/IYNhkTqUlFODtJIc7iE1EAhhsnjRa/NroQ2ApaKUiVu5W4fpXXjH17Ia7eUtF2sQKgsQ==",
      "license": "MIT",
      "peer": true
    }
  }
}
